
Microsoft Visual Studio Solution File, Format Version 12.00
# Visual Studio Version 18
VisualStudioVersion = 18.0.11217.181
MinimumVisualStudioVersion = 10.0.40219.1
Project("{FAE04EC0-301F-11D3-BF4B-00C04F79EFBC}") = "PersonalFinance.API", "PersonalFinance.API\PersonalFinance.API.csproj", "{1FE3601A-1927-4073-9F94-1FDF76553E21}"
EndProject
Project("{FAE04EC0-301F-11D3-BF4B-00C04F79EFBC}") = "PersonalFinance.Core", "PersonalFinance.Core\PersonalFinance.Core.csproj", "{5838AAAB-58DA-48FC-90EF-DBB0CA55D42A}"
EndProject
Project("{FAE04EC0-301F-11D3-BF4B-00C04F79EFBC}") = "PersonalFinance.Infrastructure", "PersonalFinance.Infrastructure\PersonalFinance.Infrastructure.csproj", "{FB05F2D3-0467-458B-B45C-95DE362CD7D4}"
EndProject
Project("{FAE04EC0-301F-11D3-BF4B-00C04F79EFBC}") = "PersonalFinance.Tests", "PersonalFinance.Tests\PersonalFinance.Tests.csproj", "{71949330-3673-4308-A5C1-C1C5A0B9FC52}"
EndProject
Project("{2150E333-8FDC-42A3-9474-1A3956D46DE8}") = "Solution Items", "Solution Items", "{FA7FF854-6D02-4A47-82C1-D77F711F0AFF}"
	ProjectSection(SolutionItems) = preProject
		.editorconfig = .editorconfig
	EndProjectSection
EndProject
Project("{FAE04EC0-301F-11D3-BF4B-00C04F79EFBC}") = "PersonalFinance.AppHost", "PersonalFinance.AppHost\PersonalFinance.AppHost.csproj", "{B821BE82-63FB-4CE5-8993-ADCF722B32AF}"
EndProject
Project("{FAE04EC0-301F-11D3-BF4B-00C04F79EFBC}") = "PersonalFinance.ServiceDefaults", "PersonalFinance.ServiceDefaults\PersonalFinance.ServiceDefaults.csproj", "{E70B103A-6E56-E53F-167A-6D515118F9FA}"
EndProject
Global
	GlobalSection(SolutionConfigurationPlatforms) = preSolution
		Debug|Any CPU = Debug|Any CPU
		Release|Any CPU = Release|Any CPU
	EndGlobalSection
	GlobalSection(ProjectConfigurationPlatforms) = postSolution
		{1FE3601A-1927-4073-9F94-1FDF76553E21}.Debug|Any CPU.ActiveCfg = Debug|Any CPU
		{1FE3601A-1927-4073-9F94-1FDF76553E21}.Debug|Any CPU.Build.0 = Debug|Any CPU
		{1FE3601A-1927-4073-9F94-1FDF76553E21}.Release|Any CPU.ActiveCfg = Release|Any CPU
		{1FE3601A-1927-4073-9F94-1FDF76553E21}.Release|Any CPU.Build.0 = Release|Any CPU
		{5838AAAB-58DA-48FC-90EF-DBB0CA55D42A}.Debug|Any CPU.ActiveCfg = Debug|Any CPU
		{5838AAAB-58DA-48FC-90EF-DBB0CA55D42A}.Debug|Any CPU.Build.0 = Debug|Any CPU
		{5838AAAB-58DA-48FC-90EF-DBB0CA55D42A}.Release|Any CPU.ActiveCfg = Release|Any CPU
		{5838AAAB-58DA-48FC-90EF-DBB0CA55D42A}.Release|Any CPU.Build.0 = Release|Any CPU
		{FB05F2D3-0467-458B-B45C-95DE362CD7D4}.Debug|Any CPU.ActiveCfg = Debug|Any CPU
		{FB05F2D3-0467-458B-B45C-95DE362CD7D4}.Debug|Any CPU.Build.0 = Debug|Any CPU
		{FB05F2D3-0467-458B-B45C-95DE362CD7D4}.Release|Any CPU.ActiveCfg = Release|Any CPU
		{FB05F2D3-0467-458B-B45C-95DE362CD7D4}.Release|Any CPU.Build.0 = Release|Any CPU
		{71949330-3673-4308-A5C1-C1C5A0B9FC52}.Debug|Any CPU.ActiveCfg = Debug|Any CPU
		{71949330-3673-4308-A5C1-C1C5A0B9FC52}.Debug|Any CPU.Build.0 = Debug|Any CPU
		{71949330-3673-4308-A5C1-C1C5A0B9FC52}.Release|Any CPU.ActiveCfg = Release|Any CPU
		{71949330-3673-4308-A5C1-C1C5A0B9FC52}.Release|Any CPU.Build.0 = Release|Any CPU
		{B821BE82-63FB-4CE5-8993-ADCF722B32AF}.Debug|Any CPU.ActiveCfg = Debug|Any CPU
		{B821BE82-63FB-4CE5-8993-ADCF722B32AF}.Debug|Any CPU.Build.0 = Debug|Any CPU
		{B821BE82-63FB-4CE5-8993-ADCF722B32AF}.Release|Any CPU.ActiveCfg = Release|Any CPU
		{B821BE82-63FB-4CE5-8993-ADCF722B32AF}.Release|Any CPU.Build.0 = Release|Any CPU
		{E70B103A-6E56-E53F-167A-6D515118F9FA}.Debug|Any CPU.ActiveCfg = Debug|Any CPU
		{E70B103A-6E56-E53F-167A-6D515118F9FA}.Debug|Any CPU.Build.0 = Debug|Any CPU
		{E70B103A-6E56-E53F-167A-6D515118F9FA}.Release|Any CPU.ActiveCfg = Release|Any CPU
		{E70B103A-6E56-E53F-167A-6D515118F9FA}.Release|Any CPU.Build.0 = Release|Any CPU
	EndGlobalSection
	GlobalSection(SolutionProperties) = preSolution
		HideSolutionNode = FALSE
	EndGlobalSection
	GlobalSection(ExtensibilityGlobals) = postSolution
		SolutionGuid = {BE7DC550-EA7F-4603-9138-38C1C3211134}
	EndGlobalSection
EndGlobal
